
Microsoft Visual Studio Solution File, Format Version 12.00
# Visual Studio Version 16
VisualStudioVersion = 16.0.33801.447
MinimumVisualStudioVersion = 10.0.40219.1
Project("{9A19103F-16F7-4668-BE54-9A1E7A4F7556}") = "GurpreetsBookStore", "GurpreetsBookStore\GurpreetsBookStore.csproj", "{C711C32F-A6EF-4021-8EB9-E9C736D1A855}"
EndProject
Project("{FAE04EC0-301F-11D3-BF4B-00C04F79EFBC}") = "GurpreetsBooks.DataAccess", "GurpreetsBooks.DataAccess\GurpreetsBooks.DataAccess.csproj", "{CA17EA6A-794B-42C2-A2B6-AA01AB6A36C7}"
EndProject
Project("{FAE04EC0-301F-11D3-BF4B-00C04F79EFBC}") = "GurpreetsBooks.Models", "GurpreetsBooks.Models\GurpreetsBooks.Models.csproj", "{A56ECCDD-09EE-40BC-AC0C-481B4CF8EAF7}"
EndProject
Project("{FAE04EC0-301F-11D3-BF4B-00C04F79EFBC}") = "GurpreetsBooks.Utility", "GurpreetsBooks.Utility\GurpreetsBooks.Utility.csproj", "{CA66AC43-3842-4E4F-B995-C30EF9F6851F}"
EndProject
Global
	GlobalSection(SolutionConfigurationPlatforms) = preSolution
		Debug|Any CPU = Debug|Any CPU
		Release|Any CPU = Release|Any CPU
	EndGlobalSection
	GlobalSection(ProjectConfigurationPlatforms) = postSolution
		{C711C32F-A6EF-4021-8EB9-E9C736D1A855}.Debug|Any CPU.ActiveCfg = Debug|Any CPU
		{C711C32F-A6EF-4021-8EB9-E9C736D1A855}.Debug|Any CPU.Build.0 = Debug|Any CPU
		{C711C32F-A6EF-4021-8EB9-E9C736D1A855}.Release|Any CPU.ActiveCfg = Release|Any CPU
		{C711C32F-A6EF-4021-8EB9-E9C736D1A855}.Release|Any CPU.Build.0 = Release|Any CPU
		{CA17EA6A-794B-42C2-A2B6-AA01AB6A36C7}.Debug|Any CPU.ActiveCfg = Debug|Any CPU
		{CA17EA6A-794B-42C2-A2B6-AA01AB6A36C7}.Debug|Any CPU.Build.0 = Debug|Any CPU
		{CA17EA6A-794B-42C2-A2B6-AA01AB6A36C7}.Release|Any CPU.ActiveCfg = Release|Any CPU
		{CA17EA6A-794B-42C2-A2B6-AA01AB6A36C7}.Release|Any CPU.Build.0 = Release|Any CPU
		{A56ECCDD-09EE-40BC-AC0C-481B4CF8EAF7}.Debug|Any CPU.ActiveCfg = Debug|Any CPU
		{A56ECCDD-09EE-40BC-AC0C-481B4CF8EAF7}.Debug|Any CPU.Build.0 = Debug|Any CPU
		{A56ECCDD-09EE-40BC-AC0C-481B4CF8EAF7}.Release|Any CPU.ActiveCfg = Release|Any CPU
		{A56ECCDD-09EE-40BC-AC0C-481B4CF8EAF7}.Release|Any CPU.Build.0 = Release|Any CPU
		{CA66AC43-3842-4E4F-B995-C30EF9F6851F}.Debug|Any CPU.ActiveCfg = Debug|Any CPU
		{CA66AC43-3842-4E4F-B995-C30EF9F6851F}.Debug|Any CPU.Build.0 = Debug|Any CPU
		{CA66AC43-3842-4E4F-B995-C30EF9F6851F}.Release|Any CPU.ActiveCfg = Release|Any CPU
		{CA66AC43-3842-4E4F-B995-C30EF9F6851F}.Release|Any CPU.Build.0 = Release|Any CPU
	EndGlobalSection
	GlobalSection(SolutionProperties) = preSolution
		HideSolutionNode = FALSE
	EndGlobalSection
	GlobalSection(ExtensibilityGlobals) = postSolution
		SolutionGuid = {9C96C2D0-D990-4633-9FA4-F768D91E6D60}
	EndGlobalSection
EndGlobal
